
Microsoft Visual Studio Solution File, Format Version 12.00
# Visual Studio Version 16
VisualStudioVersion = 16.0.29123.88
MinimumVisualStudioVersion = 10.0.40219.1
Project("{9A19103F-16F7-4668-BE54-9A1E7A4F7556}") = "TestAPI", "TestAPI\TestAPI.csproj", "{81012FD0-32B4-47F6-AFB5-A10910A0DDBA}"
EndProject
Project("{FAE04EC0-301F-11D3-BF4B-00C04F79EFBC}") = "TestAPI.Core.Model", "TestAPI.Core.Model\TestAPI.Core.Model.csproj", "{C183A510-8806-4F46-A00F-122935EABA72}"
EndProject
Project("{FAE04EC0-301F-11D3-BF4B-00C04F79EFBC}") = "TestAPI.Core.Service", "TestAPI.Core.Service\TestAPI.Core.Service.csproj", "{AD6D17BA-7F16-4446-BF50-F6F8D03D8BE4}"
EndProject
Project("{FAE04EC0-301F-11D3-BF4B-00C04F79EFBC}") = "TestAPI.Domain", "TestAPI.Domain\TestAPI.Domain.csproj", "{E8A63A4C-122D-4DCA-B37E-AC1C4D78D3DB}"
EndProject
Project("{FAE04EC0-301F-11D3-BF4B-00C04F79EFBC}") = "TestAPI.Core.DataSource", "TestAPI.Core.DataSource\TestAPI.Core.DataSource.csproj", "{7ECE01EF-7C44-40DD-8233-A29F92371F30}"
EndProject
Project("{FAE04EC0-301F-11D3-BF4B-00C04F79EFBC}") = "TestAPI.DAL", "TestAPI.DAL\TestAPI.DAL.csproj", "{679C3154-E99F-4CA4-BCAE-8188B27DEA49}"
EndProject
Project("{2150E333-8FDC-42A3-9474-1A3956D46DE8}") = "Core", "Core", "{057EDF49-1AAD-4DD1-94BF-03B1A2C1ACBC}"
EndProject
Project("{2150E333-8FDC-42A3-9474-1A3956D46DE8}") = "Domain", "Domain", "{FD62C324-78CA-47F4-BC3E-2D11152B5FC4}"
EndProject
Project("{2150E333-8FDC-42A3-9474-1A3956D46DE8}") = "API", "API", "{174F7EBC-3165-4FEA-ACB7-3CBADD2E570D}"
EndProject
Project("{2150E333-8FDC-42A3-9474-1A3956D46DE8}") = "Infrastructure", "Infrastructure", "{EF049B9C-ED01-40B8-AFCF-00E42D58A7F0}"
EndProject
Global
	GlobalSection(SolutionConfigurationPlatforms) = preSolution
		Debug|Any CPU = Debug|Any CPU
		Release|Any CPU = Release|Any CPU
	EndGlobalSection
	GlobalSection(ProjectConfigurationPlatforms) = postSolution
		{81012FD0-32B4-47F6-AFB5-A10910A0DDBA}.Debug|Any CPU.ActiveCfg = Debug|Any CPU
		{81012FD0-32B4-47F6-AFB5-A10910A0DDBA}.Debug|Any CPU.Build.0 = Debug|Any CPU
		{81012FD0-32B4-47F6-AFB5-A10910A0DDBA}.Release|Any CPU.ActiveCfg = Release|Any CPU
		{81012FD0-32B4-47F6-AFB5-A10910A0DDBA}.Release|Any CPU.Build.0 = Release|Any CPU
		{C183A510-8806-4F46-A00F-122935EABA72}.Debug|Any CPU.ActiveCfg = Debug|Any CPU
		{C183A510-8806-4F46-A00F-122935EABA72}.Debug|Any CPU.Build.0 = Debug|Any CPU
		{C183A510-8806-4F46-A00F-122935EABA72}.Release|Any CPU.ActiveCfg = Release|Any CPU
		{C183A510-8806-4F46-A00F-122935EABA72}.Release|Any CPU.Build.0 = Release|Any CPU
		{AD6D17BA-7F16-4446-BF50-F6F8D03D8BE4}.Debug|Any CPU.ActiveCfg = Debug|Any CPU
		{AD6D17BA-7F16-4446-BF50-F6F8D03D8BE4}.Debug|Any CPU.Build.0 = Debug|Any CPU
		{AD6D17BA-7F16-4446-BF50-F6F8D03D8BE4}.Release|Any CPU.ActiveCfg = Release|Any CPU
		{AD6D17BA-7F16-4446-BF50-F6F8D03D8BE4}.Release|Any CPU.Build.0 = Release|Any CPU
		{E8A63A4C-122D-4DCA-B37E-AC1C4D78D3DB}.Debug|Any CPU.ActiveCfg = Debug|Any CPU
		{E8A63A4C-122D-4DCA-B37E-AC1C4D78D3DB}.Debug|Any CPU.Build.0 = Debug|Any CPU
		{E8A63A4C-122D-4DCA-B37E-AC1C4D78D3DB}.Release|Any CPU.ActiveCfg = Release|Any CPU
		{E8A63A4C-122D-4DCA-B37E-AC1C4D78D3DB}.Release|Any CPU.Build.0 = Release|Any CPU
		{7ECE01EF-7C44-40DD-8233-A29F92371F30}.Debug|Any CPU.ActiveCfg = Debug|Any CPU
		{7ECE01EF-7C44-40DD-8233-A29F92371F30}.Debug|Any CPU.Build.0 = Debug|Any CPU
		{7ECE01EF-7C44-40DD-8233-A29F92371F30}.Release|Any CPU.ActiveCfg = Release|Any CPU
		{7ECE01EF-7C44-40DD-8233-A29F92371F30}.Release|Any CPU.Build.0 = Release|Any CPU
		{679C3154-E99F-4CA4-BCAE-8188B27DEA49}.Debug|Any CPU.ActiveCfg = Debug|Any CPU
		{679C3154-E99F-4CA4-BCAE-8188B27DEA49}.Debug|Any CPU.Build.0 = Debug|Any CPU
		{679C3154-E99F-4CA4-BCAE-8188B27DEA49}.Release|Any CPU.ActiveCfg = Release|Any CPU
		{679C3154-E99F-4CA4-BCAE-8188B27DEA49}.Release|Any CPU.Build.0 = Release|Any CPU
	EndGlobalSection
	GlobalSection(SolutionProperties) = preSolution
		HideSolutionNode = FALSE
	EndGlobalSection
	GlobalSection(NestedProjects) = preSolution
		{81012FD0-32B4-47F6-AFB5-A10910A0DDBA} = {174F7EBC-3165-4FEA-ACB7-3CBADD2E570D}
		{C183A510-8806-4F46-A00F-122935EABA72} = {057EDF49-1AAD-4DD1-94BF-03B1A2C1ACBC}
		{AD6D17BA-7F16-4446-BF50-F6F8D03D8BE4} = {057EDF49-1AAD-4DD1-94BF-03B1A2C1ACBC}
		{E8A63A4C-122D-4DCA-B37E-AC1C4D78D3DB} = {FD62C324-78CA-47F4-BC3E-2D11152B5FC4}
		{7ECE01EF-7C44-40DD-8233-A29F92371F30} = {057EDF49-1AAD-4DD1-94BF-03B1A2C1ACBC}
		{679C3154-E99F-4CA4-BCAE-8188B27DEA49} = {EF049B9C-ED01-40B8-AFCF-00E42D58A7F0}
	EndGlobalSection
	GlobalSection(ExtensibilityGlobals) = postSolution
		SolutionGuid = {92E9EBE3-1E18-4868-80EA-E2DFB12A79E1}
	EndGlobalSection
EndGlobal
